{
  "version": 4,
  "terraform_version": "1.10.5",
  "serial": 1,
  "lineage": "d09907dc-0450-c278-d264-5638e0ca3c8e",
  "outputs": {},
  "resources": [
    {
      "mode": "managed",
      "type": "local_file",
      "name": "pet",
      "provider": "provider[\"registry.terraform.io/hashicorp/local\"]",
      "instances": [
        {
          "schema_version": 0,
          "attributes": {
            "content": "I love pet",
            "content_base64": null,
            "content_base64sha256": "8EwrqTg5iripDLnMrnaFZlNUZqZbHRrx2B/E0S3AmpU=",
            "content_base64sha512": "nKb5ws/qQ5tBIvbQuW8HvBd36HJU6ZyHZFqPMR9chm+/5tovEKUil2lJGuj17uNPuvcmInP/Qx4m/mrxxTzftQ==",
            "content_md5": "271bea5dcb0b50d2d41323404b22c314",
            "content_sha1": "34aea61c2b37a3929fb6e9411c1a9b9321632bad",
            "content_sha256": "f04c2ba938398ab8a90cb9ccae768566535466a65b1d1af1d81fc4d12dc09a95",
            "content_sha512": "9ca6f9c2cfea439b4122f6d0b96f07bc1777e87254e99c87645a8f311f5c866fbfe6da2f10a5229769491ae8f5eee34fbaf7262273ff431e26fe6af1c53cdfb5",
            "directory_permission": "0777",
            "file_permission": "0777",
            "filename": "./pet.txt",
            "id": "34aea61c2b37a3929fb6e9411c1a9b9321632bad",
            "sensitive_content": null,
            "source": null
          },
          "sensitive_attributes": [
            [
              {
                "type": "get_attr",
                "value": "sensitive_content"
              }
            ]
          ]
        }
      ]
    }
  ],
  "check_results": null
}
